// !$*UTF8*$!
{
	archiveVersion = 1;
	classes = {
	};
	objectVersion = 46;
	objects = {

/* Begin PBXBuildFile section */
		311F0E9A1BD0A3EA00CFB6E7 /* main.cpp in Sources */ = {isa = PBXBuildFile; fileRef = 311F0E991BD0A3EA00CFB6E7 /* main.cpp */; };
		311F0EA41BD0A81400CFB6E7 /* pat_1001.cpp in Sources */ = {isa = PBXBuildFile; fileRef = 311F0EA31BD0A81400CFB6E7 /* pat_1001.cpp */; };
		311F0EA61BD0D7FF00CFB6E7 /* pat_1010.cpp in Sources */ = {isa = PBXBuildFile; fileRef = 311F0EA51BD0D7FF00CFB6E7 /* pat_1010.cpp */; };
/* End PBXBuildFile section */

/* Begin PBXCopyFilesBuildPhase section */
		311F0E941BD0A3EA00CFB6E7 /* CopyFiles */ = {
			isa = PBXCopyFilesBuildPhase;
			buildActionMask = 2147483647;
			dstPath = /usr/share/man/man1/;
			dstSubfolderSpec = 0;
			files = (
			);
			runOnlyForDeploymentPostprocessing = 1;
		};
/* End PBXCopyFilesBuildPhase section */

/* Begin PBXFileReference section */
		311F0E961BD0A3EA00CFB6E7 /* pat_Practise */ = {isa = PBXFileReference; explicitFileType = "compiled.mach-o.executable"; includeInIndex = 0; path = pat_Practise; sourceTree = BUILT_PRODUCTS_DIR; };
		311F0E991BD0A3EA00CFB6E7 /* main.cpp */ = {isa = PBXFileReference; lastKnownFileType = sourcecode.cpp.cpp; path = main.cpp; sourceTree = "<group>"; };
		311F0EA31BD0A81400CFB6E7 /* pat_1001.cpp */ = {isa = PBXFileReference; fileEncoding = 4; lastKnownFileType = sourcecode.cpp.cpp; path = pat_1001.cpp; sourceTree = "<group>"; };
		311F0EA51BD0D7FF00CFB6E7 /* pat_1010.cpp */ = {isa = PBXFileReference; fileEncoding = 4; lastKnownFileType = sourcecode.cpp.cpp; path = pat_1010.cpp; sourceTree = "<group>"; };
/* End PBXFileReference section */

/* Begin PBXFrameworksBuildPhase section */
		311F0E931BD0A3EA00CFB6E7 /* Frameworks */ = {
			isa = PBXFrameworksBuildPhase;
			buildActionMask = 2147483647;
			files = (
			);
			runOnlyForDeploymentPostprocessing = 0;
		};
/* End PBXFrameworksBuildPhase section */

/* Begin PBXGroup section */
		311F0E8D1BD0A3EA00CFB6E7 = {
			isa = PBXGroup;
			children = (
				311F0E981BD0A3EA00CFB6E7 /* pat_Practise */,
				311F0E971BD0A3EA00CFB6E7 /* Products */,
			);
			sourceTree = "<group>";
		};
		311F0E971BD0A3EA00CFB6E7 /* Products */ = {
			isa = PBXGroup;
			children = (
				311F0E961BD0A3EA00CFB6E7 /* pat_Practise */,
			);
			name = Products;
			sourceTree = "<group>";
		};
		311F0E981BD0A3EA00CFB6E7 /* pat_Practise */ = {
			isa = PBXGroup;
			children = (
				311F0E991BD0A3EA00CFB6E7 /* main.cpp */,
				311F0EA31BD0A81400CFB6E7 /* pat_1001.cpp */,
				311F0EA51BD0D7FF00CFB6E7 /* pat_1010.cpp */,
			);
			path = pat_Practise;
			sourceTree = "<group>";
		};
/* End PBXGroup section */

/* Begin PBXNativeTarget section */
		311F0E951BD0A3EA00CFB6E7 /* pat_Practise */ = {
			isa = PBXNativeTarget;
			buildConfigurationList = 311F0E9D1BD0A3EA00CFB6E7 /* Build configuration list for PBXNativeTarget "pat_Practise" */;
			buildPhases = (
				311F0E921BD0A3EA00CFB6E7 /* Sources */,
				311F0E931BD0A3EA00CFB6E7 /* Frameworks */,
				311F0E941BD0A3EA00CFB6E7 /* CopyFiles */,
			);
			buildRules = (
			);
			dependencies = (
			);
			name = pat_Practise;
			productName = pat_Practise;
			productReference = 311F0E961BD0A3EA00CFB6E7 /* pat_Practise */;
			productType = "com.apple.product-type.tool";
		};
/* End PBXNativeTarget section */

/* Begin PBXProject section */
		311F0E8E1BD0A3EA00CFB6E7 /* Project object */ = {
			isa = PBXProject;
			attributes = {
				LastUpgradeCheck = 0710;
				ORGANIZATIONNAME = menghaizhang;
				TargetAttributes = {
					311F0E951BD0A3EA00CFB6E7 = {
						CreatedOnToolsVersion = 7.1;
					};
				};
			};
			buildConfigurationList = 311F0E911BD0A3EA00CFB6E7 /* Build configuration list for PBXProject "pat_Practise" */;
			compatibilityVersion = "Xcode 3.2";
			developmentRegion = English;
			hasScannedForEncodings = 0;
			knownRegions = (
				en,
			);
			mainGroup = 311F0E8D1BD0A3EA00CFB6E7;
			productRefGroup = 311F0E971BD0A3EA00CFB6E7 /* Products */;
			projectDirPath = "";
			projectRoot = "";
			targets = (
				311F0E951BD0A3EA00CFB6E7 /* pat_Practise */,
			);
		};
/* End PBXProject section */

/* Begin PBXSourcesBuildPhase section */
		311F0E921BD0A3EA00CFB6E7 /* Sources */ = {
			isa = PBXSourcesBuildPhase;
			buildActionMask = 2147483647;
			files = (
				311F0EA61BD0D7FF00CFB6E7 /* pat_1010.cpp in Sources */,
				311F0E9A1BD0A3EA00CFB6E7 /* main.cpp in Sources */,
				311F0EA41BD0A81400CFB6E7 /* pat_1001.cpp in Sources */,
			);
			runOnlyForDeploymentPostprocessing = 0;
		};
/* End PBXSourcesBuildPhase section */

/* Begin XCBuildConfiguration section */
		311F0E9B1BD0A3EA00CFB6E7 /* Debug */ = {
			isa = XCBuildConfiguration;
			buildSettings = {
				ALWAYS_SEARCH_USER_PATHS = NO;
				CLANG_CXX_LANGUAGE_STANDARD = "gnu++0x";
				CLANG_CXX_LIBRARY = "libc++";
				CLANG_ENABLE_MODULES = YES;
				CLANG_ENABLE_OBJC_ARC = YES;
				CLANG_WARN_BOOL_CONVERSION = YES;
				CLANG_WARN_CONSTANT_CONVERSION = YES;
				CLANG_WARN_DIRECT_OBJC_ISA_USAGE = YES_ERROR;
				CLANG_WARN_EMPTY_BODY = YES;
				CLANG_WARN_ENUM_CONVERSION = YES;
				CLANG_WARN_INT_CONVERSION = YES;
				CLANG_WARN_OBJC_ROOT_CLASS = YES_ERROR;
				CLANG_WARN_UNREACHABLE_CODE = YES;
				CLANG_WARN__DUPLICATE_METHOD_MATCH = YES;
				CODE_SIGN_IDENTITY = "-";
				COPY_PHASE_STRIP = NO;
				DEBUG_INFORMATION_FORMAT = dwarf;
				ENABLE_STRICT_OBJC_MSGSEND = YES;
				ENABLE_TESTABILITY = YES;
				GCC_C_LANGUAGE_STANDARD = gnu99;
				GCC_DYNAMIC_NO_PIC = NO;
				GCC_NO_COMMON_BLOCKS = YES;
				GCC_OPTIMIZATION_LEVEL = 0;
				GCC_PREPROCESSOR_DEFINITIONS = (
					"DEBUG=1",
					"$(inherited)",
				);
				GCC_WARN_64_TO_32_BIT_CONVERSION = YES;
				GCC_WARN_ABOUT_RETURN_TYPE = YES_ERROR;
				GCC_WARN_UNDECLARED_SELECTOR = YES;
				GCC_WARN_UNINITIALIZED_AUTOS = YES_AGGRESSIVE;
				GCC_WARN_UNUSED_FUNCTION = YES;
				GCC_WARN_UNUSED_VARIABLE = YES;
				MACOSX_DEPLOYMENT_TARGET = 10.10;
				MTL_ENABLE_DEBUG_INFO = YES;
				ONLY_ACTIVE_ARCH = YES;
				SDKROOT = macosx;
			};
			name = Debug;
		};
		311F0E9C1BD0A3EA00CFB6E7 /* Release */ = {
			isa = XCBuildConfiguration;
			buildSettings = {
				ALWAYS_SEARCH_USER_PATHS = NO;
				CLANG_CXX_LANGUAGE_STANDARD = "gnu++0x";
				CLANG_CXX_LIBRARY = "libc++";
				CLANG_ENABLE_MODULES = YES;
				CLANG_ENABLE_OBJC_ARC = YES;
				CLANG_WARN_BOOL_CONVERSION = YES;
				CLANG_WARN_CONSTANT_CONVERSION = YES;
				CLANG_WARN_DIRECT_OBJC_ISA_USAGE = YES_ERROR;
				CLANG_WARN_EMPTY_BODY = YES;
				CLANG_WARN_ENUM_CONVERSION = YES;
				CLANG_WARN_INT_CONVERSION = YES;
				CLANG_WARN_OBJC_ROOT_CLASS = YES_ERROR;
				CLANG_WARN_UNREACHABLE_CODE = YES;
				CLANG_WARN__DUPLICATE_METHOD_MATCH = YES;
				CODE_SIGN_IDENTITY = "-";
				COPY_PHASE_STRIP = NO;
				DEBUG_INFORMATION_FORMAT = "dwarf-with-dsym";
				ENABLE_NS_ASSERTIONS = NO;
				ENABLE_STRICT_OBJC_MSGSEND = YES;
				GCC_C_LANGUAGE_STANDARD = gnu99;
				GCC_NO_COMMON_BLOCKS = YES;
				GCC_WARN_64_TO_32_BIT_CONVERSION = YES;
				GCC_WARN_ABOUT_RETURN_TYPE = YES_ERROR;
				GCC_WARN_UNDECLARED_SELECTOR = YES;
				GCC_WARN_UNINITIALIZED_AUTOS = YES_AGGRESSIVE;
				GCC_WARN_UNUSED_FUNCTION = YES;
				GCC_WARN_UNUSED_VARIABLE = YES;
				MACOSX_DEPLOYMENT_TARGET = 10.10;
				MTL_ENABLE_DEBUG_INFO = NO;
				SDKROOT = macosx;
			};
			name = Release;
		};
		311F0E9E1BD0A3EA00CFB6E7 /* Debug */ = {
			isa = XCBuildConfiguration;
			buildSettings = {
				PRODUCT_NAME = "$(TARGET_NAME)";
			};
			name = Debug;
		};
		311F0E9F1BD0A3EA00CFB6E7 /* Release */ = {
			isa = XCBuildConfiguration;
			buildSettings = {
				PRODUCT_NAME = "$(TARGET_NAME)";
			};
			name = Release;
		};
/* End XCBuildConfiguration section */

/* Begin XCConfigurationList section */
		311F0E911BD0A3EA00CFB6E7 /* Build configuration list for PBXProject "pat_Practise" */ = {
			isa = XCConfigurationList;
			buildConfigurations = (
				311F0E9B1BD0A3EA00CFB6E7 /* Debug */,
				311F0E9C1BD0A3EA00CFB6E7 /* Release */,
			);
			defaultConfigurationIsVisible = 0;
			defaultConfigurationName = Release;
		};
		311F0E9D1BD0A3EA00CFB6E7 /* Build configuration list for PBXNativeTarget "pat_Practise" */ = {
			isa = XCConfigurationList;
			buildConfigurations = (
				311F0E9E1BD0A3EA00CFB6E7 /* Debug */,
				311F0E9F1BD0A3EA00CFB6E7 /* Release */,
			);
			defaultConfigurationIsVisible = 0;
		};
/* End XCConfigurationList section */
	};
	rootObject = 311F0E8E1BD0A3EA00CFB6E7 /* Project object */;
}
